
Microsoft Visual Studio Solution File, Format Version 12.00
# Visual Studio Version 16
VisualStudioVersion = 16.0.30717.126
MinimumVisualStudioVersion = 10.0.40219.1
Project("{9A19103F-16F7-4668-BE54-9A1E7A4F7556}") = "SampleApi", "src\SampleApi\SampleApi.csproj", "{D3D21EAD-904A-45EA-97BC-74398B1BC27E}"
EndProject
Project("{9A19103F-16F7-4668-BE54-9A1E7A4F7556}") = "SampleApi.API.V1", "src\SampleApi.API.V1\SampleApi.API.V1.csproj", "{EE933EC4-BF0E-436A-BA30-8E1D01E36360}"
EndProject
Project("{2150E333-8FDC-42A3-9474-1A3956D46DE8}") = "_props", "_props", "{A8B7B88F-0D86-4E0C-A02F-A16EF669512F}"
	ProjectSection(SolutionItems) = preProject
		_props\dependencies.props = _props\dependencies.props
	EndProjectSection
EndProject
Global
	GlobalSection(SolutionConfigurationPlatforms) = preSolution
		Debug|Any CPU = Debug|Any CPU
		Release|Any CPU = Release|Any CPU
	EndGlobalSection
	GlobalSection(ProjectConfigurationPlatforms) = postSolution
		{D3D21EAD-904A-45EA-97BC-74398B1BC27E}.Debug|Any CPU.ActiveCfg = Debug|Any CPU
		{D3D21EAD-904A-45EA-97BC-74398B1BC27E}.Debug|Any CPU.Build.0 = Debug|Any CPU
		{D3D21EAD-904A-45EA-97BC-74398B1BC27E}.Release|Any CPU.ActiveCfg = Release|Any CPU
		{D3D21EAD-904A-45EA-97BC-74398B1BC27E}.Release|Any CPU.Build.0 = Release|Any CPU
		{EE933EC4-BF0E-436A-BA30-8E1D01E36360}.Debug|Any CPU.ActiveCfg = Debug|Any CPU
		{EE933EC4-BF0E-436A-BA30-8E1D01E36360}.Debug|Any CPU.Build.0 = Debug|Any CPU
		{EE933EC4-BF0E-436A-BA30-8E1D01E36360}.Release|Any CPU.ActiveCfg = Release|Any CPU
		{EE933EC4-BF0E-436A-BA30-8E1D01E36360}.Release|Any CPU.Build.0 = Release|Any CPU
	EndGlobalSection
	GlobalSection(SolutionProperties) = preSolution
		HideSolutionNode = FALSE
	EndGlobalSection
	GlobalSection(ExtensibilityGlobals) = postSolution
		SolutionGuid = {9FDD5A37-0397-4547-8E5D-99A5675B4FDE}
	EndGlobalSection
EndGlobal
